Microsoft Visual Studio Solution File, Format Version 9.00
# Visual Studio 2005
Project("{2150E333-8FDC-42A3-9474-1A3956D46DE8}") = "Solution Items", "Solution Items", "{80E2C3A9-3CE8-4FE9-A326-ABC586B7A04F}"
EndProject
Project("{8BC9CEB8-8B4A-11D0-8D11-00A0C91BC942}") = "fost-ftest", "fost-ftest\fost-ftest.vcproj", "{A6D8941C-47DC-4B14-9131-226357629F52}"
EndProject
Global
	GlobalSection(SubversionScc) = preSolution
		Svn-Managed = True
		Manager = AnkhSVN - Subversion Support for Visual Studio
	EndGlobalSection
	GlobalSection(SolutionConfigurationPlatforms) = preSolution
		Debug|Win32 = Debug|Win32
		Release|Win32 = Release|Win32
	EndGlobalSection
	GlobalSection(ProjectConfigurationPlatforms) = postSolution
		{A6D8941C-47DC-4B14-9131-226357629F52}.Debug|Win32.ActiveCfg = Debug|Win32
		{A6D8941C-47DC-4B14-9131-226357629F52}.Debug|Win32.Build.0 = Debug|Win32
		{A6D8941C-47DC-4B14-9131-226357629F52}.Release|Win32.ActiveCfg = Release|Win32
		{A6D8941C-47DC-4B14-9131-226357629F52}.Release|Win32.Build.0 = Release|Win32
	EndGlobalSection
	GlobalSection(SolutionProperties) = preSolution
		HideSolutionNode = FALSE
	EndGlobalSection
EndGlobal
